{
  "name": "myapp",
  "version": "0.0.0",
  "lockfileVersion": 3,
  "requires": true,
  "packages": {
    "": {
      "name": "myapp",
      "version": "0.0.0",
      "devDependencies": {
        "@capacitor/android": "../node_modules/@capacitor/android",
        "@capacitor/app": "../node_modules/@capacitor/app",
        "@capacitor/cli": "../node_modules/@capacitor/cli"
      }
    },
    "../node_modules/@capacitor/android": {
      "dev": true
    },
    "../node_modules/@capacitor/app": {
      "dev": true
    },
    "../node_modules/@capacitor/assets": {
      "extraneous": true
    },
    "../node_modules/@capacitor/cli": {
      "dev": true
    },
    "node_modules/@capacitor/android": {
      "resolved": "../node_modules/@capacitor/android",
      "link": true
    },
    "node_modules/@capacitor/app": {
      "resolved": "../node_modules/@capacitor/app",
      "link": true
    },
    "node_modules/@capacitor/cli": {
      "resolved": "../node_modules/@capacitor/cli",
      "link": true
    }
  }
}
